// !$*UTF8*$!
{
	archiveVersion = 1;
	classes = {
	};
	objectVersion = 55;
	objects = {

/* Begin PBXBuildFile section */
		DCF2D8E427FE6780001104C9 /* AppDelegate.m in Sources */ = {isa = PBXBuildFile; fileRef = DCF2D8E327FE6780001104C9 /* AppDelegate.m */; };
		DCF2D8E727FE6780001104C9 /* SceneDelegate.m in Sources */ = {isa = PBXBuildFile; fileRef = DCF2D8E627FE6780001104C9 /* SceneDelegate.m */; };
		DCF2D8EA27FE6780001104C9 /* ViewController.m in Sources */ = {isa = PBXBuildFile; fileRef = DCF2D8E927FE6780001104C9 /* ViewController.m */; };
		DCF2D8ED27FE6780001104C9 /* Main.storyboard in Resources */ = {isa = PBXBuildFile; fileRef = DCF2D8EB27FE6780001104C9 /* Main.storyboard */; };
		DCF2D8EF27FE6781001104C9 /* Assets.xcassets in Resources */ = {isa = PBXBuildFile; fileRef = DCF2D8EE27FE6781001104C9 /* Assets.xcassets */; };
		DCF2D8F227FE6781001104C9 /* LaunchScreen.storyboard in Resources */ = {isa = PBXBuildFile; fileRef = DCF2D8F027FE6781001104C9 /* LaunchScreen.storyboard */; };
		DCF2D8F527FE6781001104C9 /* main.m in Sources */ = {isa = PBXBuildFile; fileRef = DCF2D8F427FE6781001104C9 /* main.m */; };
		DCF2D8FD27FE67E3001104C9 /* libcorecrypto_static.a in Frameworks */ = {isa = PBXBuildFile; fileRef = DCF2D8FC27FE67E3001104C9 /* libcorecrypto_static.a */; };
/* End PBXBuildFile section */

/* Begin PBXFileReference section */
		DCF2D8DF27FE6780001104C9 /* cctest4.app */ = {isa = PBXFileReference; explicitFileType = wrapper.application; includeInIndex = 0; path = cctest4.app; sourceTree = BUILT_PRODUCTS_DIR; };
		DCF2D8E227FE6780001104C9 /* AppDelegate.h */ = {isa = PBXFileReference; lastKnownFileType = sourcecode.c.h; path = AppDelegate.h; sourceTree = "<group>"; };
		DCF2D8E327FE6780001104C9 /* AppDelegate.m */ = {isa = PBXFileReference; lastKnownFileType = sourcecode.c.objc; path = AppDelegate.m; sourceTree = "<group>"; };
		DCF2D8E527FE6780001104C9 /* SceneDelegate.h */ = {isa = PBXFileReference; lastKnownFileType = sourcecode.c.h; path = SceneDelegate.h; sourceTree = "<group>"; };
		DCF2D8E627FE6780001104C9 /* SceneDelegate.m */ = {isa = PBXFileReference; lastKnownFileType = sourcecode.c.objc; path = SceneDelegate.m; sourceTree = "<group>"; };
		DCF2D8E827FE6780001104C9 /* ViewController.h */ = {isa = PBXFileReference; lastKnownFileType = sourcecode.c.h; path = ViewController.h; sourceTree = "<group>"; };
		DCF2D8E927FE6780001104C9 /* ViewController.m */ = {isa = PBXFileReference; lastKnownFileType = sourcecode.c.objc; path = ViewController.m; sourceTree = "<group>"; };
		DCF2D8EC27FE6780001104C9 /* Base */ = {isa = PBXFileReference; lastKnownFileType = file.storyboard; name = Base; path = Base.lproj/Main.storyboard; sourceTree = "<group>"; };
		DCF2D8EE27FE6781001104C9 /* Assets.xcassets */ = {isa = PBXFileReference; lastKnownFileType = folder.assetcatalog; path = Assets.xcassets; sourceTree = "<group>"; };
		DCF2D8F127FE6781001104C9 /* Base */ = {isa = PBXFileReference; lastKnownFileType = file.storyboard; name = Base; path = Base.lproj/LaunchScreen.storyboard; sourceTree = "<group>"; };
		DCF2D8F327FE6781001104C9 /* Info.plist */ = {isa = PBXFileReference; lastKnownFileType = text.plist.xml; path = Info.plist; sourceTree = "<group>"; };
		DCF2D8F427FE6781001104C9 /* main.m */ = {isa = PBXFileReference; lastKnownFileType = sourcecode.c.objc; path = main.m; sourceTree = "<group>"; };
		DCF2D8FC27FE67E3001104C9 /* libcorecrypto_static.a */ = {isa = PBXFileReference; lastKnownFileType = archive.ar; name = libcorecrypto_static.a; path = lib/libcorecrypto_static.a; sourceTree = "<group>"; };
		DCF2D90027FE6819001104C9 /* cczp.h */ = {isa = PBXFileReference; fileEncoding = 4; lastKnownFileType = sourcecode.c.h; path = cczp.h; sourceTree = "<group>"; };
		DCF2D90127FE6819001104C9 /* ccmd4.h */ = {isa = PBXFileReference; fileEncoding = 4; lastKnownFileType = sourcecode.c.h; path = ccmd4.h; sourceTree = "<group>"; };
		DCF2D90227FE6819001104C9 /* ccrng_sequence.h */ = {isa = PBXFileReference; fileEncoding = 4; lastKnownFileType = sourcecode.c.h; path = ccrng_sequence.h; sourceTree = "<group>"; };
		DCF2D90327FE6819001104C9 /* ccz.h */ = {isa = PBXFileReference; fileEncoding = 4; lastKnownFileType = sourcecode.c.h; path = ccz.h; sourceTree = "<group>"; };
		DCF2D90427FE6819001104C9 /* ccaes.h */ = {isa = PBXFileReference; fileEncoding = 4; lastKnownFileType = sourcecode.c.h; path = ccaes.h; sourceTree = "<group>"; };
		DCF2D90527FE6819001104C9 /* cchkdf.h */ = {isa = PBXFileReference; fileEncoding = 4; lastKnownFileType = sourcecode.c.h; path = cchkdf.h; sourceTree = "<group>"; };
		DCF2D90627FE6819001104C9 /* ccec.h */ = {isa = PBXFileReference; fileEncoding = 4; lastKnownFileType = sourcecode.c.h; path = ccec.h; sourceTree = "<group>"; };
		DCF2D90727FE6819001104C9 /* cc_config.h */ = {isa = PBXFileReference; fileEncoding = 4; lastKnownFileType = sourcecode.c.h; path = cc_config.h; sourceTree = "<group>"; };
		DCF2D90827FE6819001104C9 /* ccvrf.h */ = {isa = PBXFileReference; fileEncoding = 4; lastKnownFileType = sourcecode.c.h; path = ccvrf.h; sourceTree = "<group>"; };
		DCF2D90927FE6819001104C9 /* ccsrp.h */ = {isa = PBXFileReference; fileEncoding = 4; lastKnownFileType = sourcecode.c.h; path = ccsrp.h; sourceTree = "<group>"; };
		DCF2D90A27FE6819001104C9 /* ccrng_ecfips_test.h */ = {isa = PBXFileReference; fileEncoding = 4; lastKnownFileType = sourcecode.c.h; path = ccrng_ecfips_test.h; sourceTree = "<group>"; };
		DCF2D90B27FE6819001104C9 /* ccrng_drbg.h */ = {isa = PBXFileReference; fileEncoding = 4; lastKnownFileType = sourcecode.c.h; path = ccrng_drbg.h; sourceTree = "<group>"; };
		DCF2D90C27FE6819001104C9 /* cc_priv.h */ = {isa = PBXFileReference; fileEncoding = 4; lastKnownFileType = sourcecode.c.h; path = cc_priv.h; sourceTree = "<group>"; };
		DCF2D90D27FE6819001104C9 /* fipspost.h */ = {isa = PBXFileReference; fileEncoding = 4; lastKnownFileType = sourcecode.c.h; path = fipspost.h; sourceTree = "<group>"; };
		DCF2D90E27FE6819001104C9 /* ccec25519.h */ = {isa = PBXFileReference; fileEncoding = 4; lastKnownFileType = sourcecode.c.h; path = ccec25519.h; sourceTree = "<group>"; };
		DCF2D90F27FE6819001104C9 /* ccder_rsa.h */ = {isa = PBXFileReference; fileEncoding = 4; lastKnownFileType = sourcecode.c.h; path = ccder_rsa.h; sourceTree = "<group>"; };
		DCF2D91027FE6819001104C9 /* ccrc4.h */ = {isa = PBXFileReference; fileEncoding = 4; lastKnownFileType = sourcecode.c.h; path = ccrc4.h; sourceTree = "<group>"; };
		DCF2D91127FE6819001104C9 /* ccdes.h */ = {isa = PBXFileReference; fileEncoding = 4; lastKnownFileType = sourcecode.c.h; path = ccdes.h; sourceTree = "<group>"; };
		DCF2D91227FE6819001104C9 /* ccrsa.h */ = {isa = PBXFileReference; fileEncoding = 4; lastKnownFileType = sourcecode.c.h; path = ccrsa.h; sourceTree = "<group>"; };
		DCF2D91327FE6819001104C9 /* ccblowfish.h */ = {isa = PBXFileReference; fileEncoding = 4; lastKnownFileType = sourcecode.c.h; path = ccblowfish.h; sourceTree = "<group>"; };
		DCF2D91427FE6819001104C9 /* ccchacha20poly1305_priv.h */ = {isa = PBXFileReference; fileEncoding = 4; lastKnownFileType = sourcecode.c.h; path = ccchacha20poly1305_priv.h; sourceTree = "<group>"; };
		DCF2D91527FE6819001104C9 /* ccmode_siv_hmac_priv.h */ = {isa = PBXFileReference; fileEncoding = 4; lastKnownFileType = sourcecode.c.h; path = ccmode_siv_hmac_priv.h; sourceTree = "<group>"; };
		DCF2D91627FE6819001104C9 /* ccdrbg_impl.h */ = {isa = PBXFileReference; fileEncoding = 4; lastKnownFileType = sourcecode.c.h; path = ccdrbg_impl.h; sourceTree = "<group>"; };
		DCF2D91727FE6819001104C9 /* cc_error.h */ = {isa = PBXFileReference; fileEncoding = 4; lastKnownFileType = sourcecode.c.h; path = cc_error.h; sourceTree = "<group>"; };
		DCF2D91827FE6819001104C9 /* cch2c.h */ = {isa = PBXFileReference; fileEncoding = 4; lastKnownFileType = sourcecode.c.h; path = cch2c.h; sourceTree = "<group>"; };
		DCF2D91927FE6819001104C9 /* ccrng_pbkdf2_prng.h */ = {isa = PBXFileReference; fileEncoding = 4; lastKnownFileType = sourcecode.c.h; path = ccrng_pbkdf2_prng.h; sourceTree = "<group>"; };
		DCF2D91A27FE6819001104C9 /* ccdigest_priv.h */ = {isa = PBXFileReference; fileEncoding = 4; lastKnownFileType = sourcecode.c.h; path = ccdigest_priv.h; sourceTree = "<group>"; };
		DCF2D91B27FE6819001104C9 /* ccnistkdf.h */ = {isa = PBXFileReference; fileEncoding = 4; lastKnownFileType = sourcecode.c.h; path = ccnistkdf.h; sourceTree = "<group>"; };
		DCF2D91C27FE6819001104C9 /* ccasn1.h */ = {isa = PBXFileReference; fileEncoding = 4; lastKnownFileType = sourcecode.c.h; path = ccasn1.h; sourceTree = "<group>"; };
		DCF2D91D27FE6819001104C9 /* ccripemd.h */ = {isa = PBXFileReference; fileEncoding = 4; lastKnownFileType = sourcecode.c.h; path = ccripemd.h; sourceTree = "<group>"; };
		DCF2D91E27FE6819001104C9 /* ccchacha20poly1305.h */ = {isa = PBXFileReference; fileEncoding = 4; lastKnownFileType = sourcecode.c.h; path = ccchacha20poly1305.h; sourceTree = "<group>"; };
		DCF2D91F27FE6819001104C9 /* cc.h */ = {isa = PBXFileReference; fileEncoding = 4; lastKnownFileType = sourcecode.c.h; path = cc.h; sourceTree = "<group>"; };
		DCF2D92027FE6819001104C9 /* ccder_priv.h */ = {isa = PBXFileReference; fileEncoding = 4; lastKnownFileType = sourcecode.c.h; path = ccder_priv.h; sourceTree = "<group>"; };
		DCF2D92127FE6819001104C9 /* ccder_decode_eckey.h */ = {isa = PBXFileReference; fileEncoding = 4; lastKnownFileType = sourcecode.c.h; path = ccder_decode_eckey.h; sourceTree = "<group>"; };
		DCF2D92227FE6819001104C9 /* ccrsa_priv.h */ = {isa = PBXFileReference; fileEncoding = 4; lastKnownFileType = sourcecode.c.h; path = ccrsa_priv.h; sourceTree = "<group>"; };
		DCF2D92327FE6819001104C9 /* ccdh_gp.h */ = {isa = PBXFileReference; fileEncoding = 4; lastKnownFileType = sourcecode.c.h; path = ccdh_gp.h; sourceTree = "<group>"; };
		DCF2D92427FE6819001104C9 /* ccrng_rsafips_test.h */ = {isa = PBXFileReference; fileEncoding = 4; lastKnownFileType = sourcecode.c.h; path = ccrng_rsafips_test.h; sourceTree = "<group>"; };
		DCF2D92527FE6819001104C9 /* ccder_encode_eckey.h */ = {isa = PBXFileReference; fileEncoding = 4; lastKnownFileType = sourcecode.c.h; path = ccder_encode_eckey.h; sourceTree = "<group>"; };
		DCF2D92627FE6819001104C9 /* ccz_priv.h */ = {isa = PBXFileReference; fileEncoding = 4; lastKnownFileType = sourcecode.c.h; path = ccz_priv.h; sourceTree = "<group>"; };
		DCF2D92727FE6819001104C9 /* ccdrbg_factory.h */ = {isa = PBXFileReference; fileEncoding = 4; lastKnownFileType = sourcecode.c.h; path = ccdrbg_factory.h; sourceTree = "<group>"; };
		DCF2D92827FE6819001104C9 /* ccansikdf.h */ = {isa = PBXFileReference; fileEncoding = 4; lastKnownFileType = sourcecode.c.h; path = ccansikdf.h; sourceTree = "<group>"; };
		DCF2D92927FE6819001104C9 /* ccmd2.h */ = {isa = PBXFileReference; fileEncoding = 4; lastKnownFileType = sourcecode.c.h; path = ccmd2.h; sourceTree = "<group>"; };
		DCF2D92A27FE6819001104C9 /* ccsha1.h */ = {isa = PBXFileReference; fileEncoding = 4; lastKnownFileType = sourcecode.c.h; path = ccsha1.h; sourceTree = "<group>"; };
		DCF2D92B27FE6819001104C9 /* ccecies.h */ = {isa = PBXFileReference; fileEncoding = 4; lastKnownFileType = sourcecode.c.h; path = ccecies.h; sourceTree = "<group>"; };
		DCF2D92C27FE6819001104C9 /* ccwrap.h */ = {isa = PBXFileReference; fileEncoding = 4; lastKnownFileType = sourcecode.c.h; path = ccwrap.h; sourceTree = "<group>"; };
		DCF2D92D27FE6819001104C9 /* ccmode_factory.h */ = {isa = PBXFileReference; fileEncoding = 4; lastKnownFileType = sourcecode.c.h; path = ccmode_factory.h; sourceTree = "<group>"; };
		DCF2D92E27FE6819001104C9 /* ccrc2.h */ = {isa = PBXFileReference; fileEncoding = 4; lastKnownFileType = sourcecode.c.h; path = ccrc2.h; sourceTree = "<group>"; };
		DCF2D92F27FE6819001104C9 /* ccsrp_gp.h */ = {isa = PBXFileReference; fileEncoding = 4; lastKnownFileType = sourcecode.c.h; path = ccsrp_gp.h; sourceTree = "<group>"; };
		DCF2D93027FE6819001104C9 /* cccmac.h */ = {isa = PBXFileReference; fileEncoding = 4; lastKnownFileType = sourcecode.c.h; path = cccmac.h; sourceTree = "<group>"; };
		DCF2D93127FE6819001104C9 /* ccscrypt.h */ = {isa = PBXFileReference; fileEncoding = 4; lastKnownFileType = sourcecode.c.h; path = ccscrypt.h; sourceTree = "<group>"; };
		DCF2D93227FE6819001104C9 /* ccn.h */ = {isa = PBXFileReference; fileEncoding = 4; lastKnownFileType = sourcecode.c.h; path = ccn.h; sourceTree = "<group>"; };
		DCF2D93327FE6819001104C9 /* ccmd5.h */ = {isa = PBXFileReference; fileEncoding = 4; lastKnownFileType = sourcecode.c.h; path = ccmd5.h; sourceTree = "<group>"; };
		DCF2D93427FE6819001104C9 /* ccrng_system.h */ = {isa = PBXFileReference; fileEncoding = 4; lastKnownFileType = sourcecode.c.h; path = ccrng_system.h; sourceTree = "<group>"; };
		DCF2D93527FE6819001104C9 /* ccmode.h */ = {isa = PBXFileReference; fileEncoding = 4; lastKnownFileType = sourcecode.c.h; path = ccmode.h; sourceTree = "<group>"; };
		DCF2D93627FE6819001104C9 /* ccec_priv.h */ = {isa = PBXFileReference; fileEncoding = 4; lastKnownFileType = sourcecode.c.h; path = ccec_priv.h; sourceTree = "<group>"; };
		DCF2D93727FE6819001104C9 /* ccspake.h */ = {isa = PBXFileReference; fileEncoding = 4; lastKnownFileType = sourcecode.c.h; path = ccspake.h; sourceTree = "<group>"; };
		DCF2D93827FE6819001104C9 /* ccrng_test.h */ = {isa = PBXFileReference; fileEncoding = 4; lastKnownFileType = sourcecode.c.h; path = ccrng_test.h; sourceTree = "<group>"; };
		DCF2D93927FE6819001104C9 /* cchmac.h */ = {isa = PBXFileReference; fileEncoding = 4; lastKnownFileType = sourcecode.c.h; path = cchmac.h; sourceTree = "<group>"; };
		DCF2D93A27FE6819001104C9 /* ccpad.h */ = {isa = PBXFileReference; fileEncoding = 4; lastKnownFileType = sourcecode.c.h; path = ccpad.h; sourceTree = "<group>"; };
		DCF2D93B27FE6819001104C9 /* ccwrap_priv.h */ = {isa = PBXFileReference; fileEncoding = 4; lastKnownFileType = sourcecode.c.h; path = ccwrap_priv.h; sourceTree = "<group>"; };
		DCF2D93C27FE6819001104C9 /* ccecies_priv.h */ = {isa = PBXFileReference; fileEncoding = 4; lastKnownFileType = sourcecode.c.h; path = ccecies_priv.h; sourceTree = "<group>"; };
		DCF2D93D27FE6819001104C9 /* ccsha2.h */ = {isa = PBXFileReference; fileEncoding = 4; lastKnownFileType = sourcecode.c.h; path = ccsha2.h; sourceTree = "<group>"; };
		DCF2D93E27FE6819001104C9 /* ccpbkdf2.h */ = {isa = PBXFileReference; fileEncoding = 4; lastKnownFileType = sourcecode.c.h; path = ccpbkdf2.h; sourceTree = "<group>"; };
		DCF2D93F27FE6819001104C9 /* ccec25519_priv.h */ = {isa = PBXFileReference; fileEncoding = 4; lastKnownFileType = sourcecode.c.h; path = ccec25519_priv.h; sourceTree = "<group>"; };
		DCF2D94027FE6819001104C9 /* ccdh.h */ = {isa = PBXFileReference; fileEncoding = 4; lastKnownFileType = sourcecode.c.h; path = ccdh.h; sourceTree = "<group>"; };
		DCF2D94127FE6819001104C9 /* ccmode_impl.h */ = {isa = PBXFileReference; fileEncoding = 4; lastKnownFileType = sourcecode.c.h; path = ccmode_impl.h; sourceTree = "<group>"; };
		DCF2D94227FE6819001104C9 /* ccmode_siv.h */ = {isa = PBXFileReference; fileEncoding = 4; lastKnownFileType = sourcecode.c.h; path = ccmode_siv.h; sourceTree = "<group>"; };
		DCF2D94327FE6819001104C9 /* ccdrbg.h */ = {isa = PBXFileReference; fileEncoding = 4; lastKnownFileType = sourcecode.c.h; path = ccdrbg.h; sourceTree = "<group>"; };
		DCF2D94427FE6819001104C9 /* ccmode_siv_hmac.h */ = {isa = PBXFileReference; fileEncoding = 4; lastKnownFileType = sourcecode.c.h; path = ccmode_siv_hmac.h; sourceTree = "<group>"; };
		DCF2D94527FE6819001104C9 /* ccmode_siv_priv.h */ = {isa = PBXFileReference; fileEncoding = 4; lastKnownFileType = sourcecode.c.h; path = ccmode_siv_priv.h; sourceTree = "<group>"; };
		DCF2D94627FE6819001104C9 /* cc_fault_canary.h */ = {isa = PBXFileReference; fileEncoding = 4; lastKnownFileType = sourcecode.c.h; path = cc_fault_canary.h; sourceTree = "<group>"; };
		DCF2D94727FE6819001104C9 /* cccast.h */ = {isa = PBXFileReference; fileEncoding = 4; lastKnownFileType = sourcecode.c.h; path = cccast.h; sourceTree = "<group>"; };
		DCF2D94827FE6819001104C9 /* ccdigest.h */ = {isa = PBXFileReference; fileEncoding = 4; lastKnownFileType = sourcecode.c.h; path = ccdigest.h; sourceTree = "<group>"; };
		DCF2D94927FE6819001104C9 /* ccder.h */ = {isa = PBXFileReference; fileEncoding = 4; lastKnownFileType = sourcecode.c.h; path = ccder.h; sourceTree = "<group>"; };
		DCF2D94A27FE6819001104C9 /* ccckg.h */ = {isa = PBXFileReference; fileEncoding = 4; lastKnownFileType = sourcecode.c.h; path = ccckg.h; sourceTree = "<group>"; };
		DCF2D94B27FE6819001104C9 /* ccrng.h */ = {isa = PBXFileReference; fileEncoding = 4; lastKnownFileType = sourcecode.c.h; path = ccrng.h; sourceTree = "<group>"; };
/* End PBXFileReference section */

/* Begin PBXFrameworksBuildPhase section */
		DCF2D8DC27FE6780001104C9 /* Frameworks */ = {
			isa = PBXFrameworksBuildPhase;
			buildActionMask = 2147483647;
			files = (
				DCF2D8FD27FE67E3001104C9 /* libcorecrypto_static.a in Frameworks */,
			);
			runOnlyForDeploymentPostprocessing = 0;
		};
/* End PBXFrameworksBuildPhase section */

/* Begin PBXGroup section */
		DCF2D8D627FE6780001104C9 = {
			isa = PBXGroup;
			children = (
				DCF2D8E127FE6780001104C9 /* cctest4 */,
				DCF2D8E027FE6780001104C9 /* Products */,
				DCF2D8FB27FE67E3001104C9 /* Frameworks */,
			);
			sourceTree = "<group>";
		};
		DCF2D8E027FE6780001104C9 /* Products */ = {
			isa = PBXGroup;
			children = (
				DCF2D8DF27FE6780001104C9 /* cctest4.app */,
			);
			name = Products;
			sourceTree = "<group>";
		};
		DCF2D8E127FE6780001104C9 /* cctest4 */ = {
			isa = PBXGroup;
			children = (
				DCF2D8FE27FE6819001104C9 /* include */,
				DCF2D8E227FE6780001104C9 /* AppDelegate.h */,
				DCF2D8E327FE6780001104C9 /* AppDelegate.m */,
				DCF2D8E527FE6780001104C9 /* SceneDelegate.h */,
				DCF2D8E627FE6780001104C9 /* SceneDelegate.m */,
				DCF2D8E827FE6780001104C9 /* ViewController.h */,
				DCF2D8E927FE6780001104C9 /* ViewController.m */,
				DCF2D8EB27FE6780001104C9 /* Main.storyboard */,
				DCF2D8EE27FE6781001104C9 /* Assets.xcassets */,
				DCF2D8F027FE6781001104C9 /* LaunchScreen.storyboard */,
				DCF2D8F327FE6781001104C9 /* Info.plist */,
				DCF2D8F427FE6781001104C9 /* main.m */,
			);
			path = cctest4;
			sourceTree = "<group>";
		};
		DCF2D8FB27FE67E3001104C9 /* Frameworks */ = {
			isa = PBXGroup;
			children = (
				DCF2D8FC27FE67E3001104C9 /* libcorecrypto_static.a */,
			);
			name = Frameworks;
			sourceTree = "<group>";
		};
		DCF2D8FE27FE6819001104C9 /* include */ = {
			isa = PBXGroup;
			children = (
				DCF2D8FF27FE6819001104C9 /* corecrypto */,
			);
			path = include;
			sourceTree = "<group>";
		};
		DCF2D8FF27FE6819001104C9 /* corecrypto */ = {
			isa = PBXGroup;
			children = (
				DCF2D90027FE6819001104C9 /* cczp.h */,
				DCF2D90127FE6819001104C9 /* ccmd4.h */,
				DCF2D90227FE6819001104C9 /* ccrng_sequence.h */,
				DCF2D90327FE6819001104C9 /* ccz.h */,
				DCF2D90427FE6819001104C9 /* ccaes.h */,
				DCF2D90527FE6819001104C9 /* cchkdf.h */,
				DCF2D90627FE6819001104C9 /* ccec.h */,
				DCF2D90727FE6819001104C9 /* cc_config.h */,
				DCF2D90827FE6819001104C9 /* ccvrf.h */,
				DCF2D90927FE6819001104C9 /* ccsrp.h */,
				DCF2D90A27FE6819001104C9 /* ccrng_ecfips_test.h */,
				DCF2D90B27FE6819001104C9 /* ccrng_drbg.h */,
				DCF2D90C27FE6819001104C9 /* cc_priv.h */,
				DCF2D90D27FE6819001104C9 /* fipspost.h */,
				DCF2D90E27FE6819001104C9 /* ccec25519.h */,
				DCF2D90F27FE6819001104C9 /* ccder_rsa.h */,
				DCF2D91027FE6819001104C9 /* ccrc4.h */,
				DCF2D91127FE6819001104C9 /* ccdes.h */,
				DCF2D91227FE6819001104C9 /* ccrsa.h */,
				DCF2D91327FE6819001104C9 /* ccblowfish.h */,
				DCF2D91427FE6819001104C9 /* ccchacha20poly1305_priv.h */,
				DCF2D91527FE6819001104C9 /* ccmode_siv_hmac_priv.h */,
				DCF2D91627FE6819001104C9 /* ccdrbg_impl.h */,
				DCF2D91727FE6819001104C9 /* cc_error.h */,
				DCF2D91827FE6819001104C9 /* cch2c.h */,
				DCF2D91927FE6819001104C9 /* ccrng_pbkdf2_prng.h */,
				DCF2D91A27FE6819001104C9 /* ccdigest_priv.h */,
				DCF2D91B27FE6819001104C9 /* ccnistkdf.h */,
				DCF2D91C27FE6819001104C9 /* ccasn1.h */,
				DCF2D91D27FE6819001104C9 /* ccripemd.h */,
				DCF2D91E27FE6819001104C9 /* ccchacha20poly1305.h */,
				DCF2D91F27FE6819001104C9 /* cc.h */,
				DCF2D92027FE6819001104C9 /* ccder_priv.h */,
				DCF2D92127FE6819001104C9 /* ccder_decode_eckey.h */,
				DCF2D92227FE6819001104C9 /* ccrsa_priv.h */,
				DCF2D92327FE6819001104C9 /* ccdh_gp.h */,
				DCF2D92427FE6819001104C9 /* ccrng_rsafips_test.h */,
				DCF2D92527FE6819001104C9 /* ccder_encode_eckey.h */,
				DCF2D92627FE6819001104C9 /* ccz_priv.h */,
				DCF2D92727FE6819001104C9 /* ccdrbg_factory.h */,
				DCF2D92827FE6819001104C9 /* ccansikdf.h */,
				DCF2D92927FE6819001104C9 /* ccmd2.h */,
				DCF2D92A27FE6819001104C9 /* ccsha1.h */,
				DCF2D92B27FE6819001104C9 /* ccecies.h */,
				DCF2D92C27FE6819001104C9 /* ccwrap.h */,
				DCF2D92D27FE6819001104C9 /* ccmode_factory.h */,
				DCF2D92E27FE6819001104C9 /* ccrc2.h */,
				DCF2D92F27FE6819001104C9 /* ccsrp_gp.h */,
				DCF2D93027FE6819001104C9 /* cccmac.h */,
				DCF2D93127FE6819001104C9 /* ccscrypt.h */,
				DCF2D93227FE6819001104C9 /* ccn.h */,
				DCF2D93327FE6819001104C9 /* ccmd5.h */,
				DCF2D93427FE6819001104C9 /* ccrng_system.h */,
				DCF2D93527FE6819001104C9 /* ccmode.h */,
				DCF2D93627FE6819001104C9 /* ccec_priv.h */,
				DCF2D93727FE6819001104C9 /* ccspake.h */,
				DCF2D93827FE6819001104C9 /* ccrng_test.h */,
				DCF2D93927FE6819001104C9 /* cchmac.h */,
				DCF2D93A27FE6819001104C9 /* ccpad.h */,
				DCF2D93B27FE6819001104C9 /* ccwrap_priv.h */,
				DCF2D93C27FE6819001104C9 /* ccecies_priv.h */,
				DCF2D93D27FE6819001104C9 /* ccsha2.h */,
				DCF2D93E27FE6819001104C9 /* ccpbkdf2.h */,
				DCF2D93F27FE6819001104C9 /* ccec25519_priv.h */,
				DCF2D94027FE6819001104C9 /* ccdh.h */,
				DCF2D94127FE6819001104C9 /* ccmode_impl.h */,
				DCF2D94227FE6819001104C9 /* ccmode_siv.h */,
				DCF2D94327FE6819001104C9 /* ccdrbg.h */,
				DCF2D94427FE6819001104C9 /* ccmode_siv_hmac.h */,
				DCF2D94527FE6819001104C9 /* ccmode_siv_priv.h */,
				DCF2D94627FE6819001104C9 /* cc_fault_canary.h */,
				DCF2D94727FE6819001104C9 /* cccast.h */,
				DCF2D94827FE6819001104C9 /* ccdigest.h */,
				DCF2D94927FE6819001104C9 /* ccder.h */,
				DCF2D94A27FE6819001104C9 /* ccckg.h */,
				DCF2D94B27FE6819001104C9 /* ccrng.h */,
			);
			path = corecrypto;
			sourceTree = "<group>";
		};
/* End PBXGroup section */

/* Begin PBXNativeTarget section */
		DCF2D8DE27FE6780001104C9 /* cctest4 */ = {
			isa = PBXNativeTarget;
			buildConfigurationList = DCF2D8F827FE6781001104C9 /* Build configuration list for PBXNativeTarget "cctest4" */;
			buildPhases = (
				DCF2D8DB27FE6780001104C9 /* Sources */,
				DCF2D8DC27FE6780001104C9 /* Frameworks */,
				DCF2D8DD27FE6780001104C9 /* Resources */,
			);
			buildRules = (
			);
			dependencies = (
			);
			name = cctest4;
			productName = cctest4;
			productReference = DCF2D8DF27FE6780001104C9 /* cctest4.app */;
			productType = "com.apple.product-type.application";
		};
/* End PBXNativeTarget section */

/* Begin PBXProject section */
		DCF2D8D727FE6780001104C9 /* Project object */ = {
			isa = PBXProject;
			attributes = {
				BuildIndependentTargetsInParallel = 1;
				LastUpgradeCheck = 1320;
				TargetAttributes = {
					DCF2D8DE27FE6780001104C9 = {
						CreatedOnToolsVersion = 13.2.1;
					};
				};
			};
			buildConfigurationList = DCF2D8DA27FE6780001104C9 /* Build configuration list for PBXProject "cctest4" */;
			compatibilityVersion = "Xcode 13.0";
			developmentRegion = en;
			hasScannedForEncodings = 0;
			knownRegions = (
				en,
				Base,
			);
			mainGroup = DCF2D8D627FE6780001104C9;
			productRefGroup = DCF2D8E027FE6780001104C9 /* Products */;
			projectDirPath = "";
			projectRoot = "";
			targets = (
				DCF2D8DE27FE6780001104C9 /* cctest4 */,
			);
		};
/* End PBXProject section */

/* Begin PBXResourcesBuildPhase section */
		DCF2D8DD27FE6780001104C9 /* Resources */ = {
			isa = PBXResourcesBuildPhase;
			buildActionMask = 2147483647;
			files = (
				DCF2D8F227FE6781001104C9 /* LaunchScreen.storyboard in Resources */,
				DCF2D8EF27FE6781001104C9 /* Assets.xcassets in Resources */,
				DCF2D8ED27FE6780001104C9 /* Main.storyboard in Resources */,
			);
			runOnlyForDeploymentPostprocessing = 0;
		};
/* End PBXResourcesBuildPhase section */

/* Begin PBXSourcesBuildPhase section */
		DCF2D8DB27FE6780001104C9 /* Sources */ = {
			isa = PBXSourcesBuildPhase;
			buildActionMask = 2147483647;
			files = (
				DCF2D8EA27FE6780001104C9 /* ViewController.m in Sources */,
				DCF2D8E427FE6780001104C9 /* AppDelegate.m in Sources */,
				DCF2D8F527FE6781001104C9 /* main.m in Sources */,
				DCF2D8E727FE6780001104C9 /* SceneDelegate.m in Sources */,
			);
			runOnlyForDeploymentPostprocessing = 0;
		};
/* End PBXSourcesBuildPhase section */

/* Begin PBXVariantGroup section */
		DCF2D8EB27FE6780001104C9 /* Main.storyboard */ = {
			isa = PBXVariantGroup;
			children = (
				DCF2D8EC27FE6780001104C9 /* Base */,
			);
			name = Main.storyboard;
			sourceTree = "<group>";
		};
		DCF2D8F027FE6781001104C9 /* LaunchScreen.storyboard */ = {
			isa = PBXVariantGroup;
			children = (
				DCF2D8F127FE6781001104C9 /* Base */,
			);
			name = LaunchScreen.storyboard;
			sourceTree = "<group>";
		};
/* End PBXVariantGroup section */

/* Begin XCBuildConfiguration section */
		DCF2D8F627FE6781001104C9 /* Debug */ = {
			isa = XCBuildConfiguration;
			buildSettings = {
				ALWAYS_SEARCH_USER_PATHS = NO;
				CLANG_ANALYZER_NONNULL = YES;
				CLANG_ANALYZER_NUMBER_OBJECT_CONVERSION = YES_AGGRESSIVE;
				CLANG_CXX_LANGUAGE_STANDARD = "gnu++17";
				CLANG_CXX_LIBRARY = "libc++";
				CLANG_ENABLE_MODULES = YES;
				CLANG_ENABLE_OBJC_ARC = YES;
				CLANG_ENABLE_OBJC_WEAK = YES;
				CLANG_WARN_BLOCK_CAPTURE_AUTORELEASING = YES;
				CLANG_WARN_BOOL_CONVERSION = YES;
				CLANG_WARN_COMMA = YES;
				CLANG_WARN_CONSTANT_CONVERSION = YES;
				CLANG_WARN_DEPRECATED_OBJC_IMPLEMENTATIONS = YES;
				CLANG_WARN_DIRECT_OBJC_ISA_USAGE = YES_ERROR;
				CLANG_WARN_DOCUMENTATION_COMMENTS = YES;
				CLANG_WARN_EMPTY_BODY = YES;
				CLANG_WARN_ENUM_CONVERSION = YES;
				CLANG_WARN_INFINITE_RECURSION = YES;
				CLANG_WARN_INT_CONVERSION = YES;
				CLANG_WARN_NON_LITERAL_NULL_CONVERSION = YES;
				CLANG_WARN_OBJC_IMPLICIT_RETAIN_SELF = YES;
				CLANG_WARN_OBJC_LITERAL_CONVERSION = YES;
				CLANG_WARN_OBJC_ROOT_CLASS = YES_ERROR;
				CLANG_WARN_QUOTED_INCLUDE_IN_FRAMEWORK_HEADER = YES;
				CLANG_WARN_RANGE_LOOP_ANALYSIS = YES;
				CLANG_WARN_STRICT_PROTOTYPES = YES;
				CLANG_WARN_SUSPICIOUS_MOVE = YES;
				CLANG_WARN_UNGUARDED_AVAILABILITY = YES_AGGRESSIVE;
				CLANG_WARN_UNREACHABLE_CODE = YES;
				CLANG_WARN__DUPLICATE_METHOD_MATCH = YES;
				COPY_PHASE_STRIP = NO;
				DEBUG_INFORMATION_FORMAT = dwarf;
				ENABLE_STRICT_OBJC_MSGSEND = YES;
				ENABLE_TESTABILITY = YES;
				GCC_C_LANGUAGE_STANDARD = gnu11;
				GCC_DYNAMIC_NO_PIC = NO;
				GCC_NO_COMMON_BLOCKS = YES;
				GCC_OPTIMIZATION_LEVEL = 0;
				GCC_PREPROCESSOR_DEFINITIONS = (
					"DEBUG=1",
					"$(inherited)",
				);
				GCC_WARN_64_TO_32_BIT_CONVERSION = YES;
				GCC_WARN_ABOUT_RETURN_TYPE = YES_ERROR;
				GCC_WARN_UNDECLARED_SELECTOR = YES;
				GCC_WARN_UNINITIALIZED_AUTOS = YES_AGGRESSIVE;
				GCC_WARN_UNUSED_FUNCTION = YES;
				GCC_WARN_UNUSED_VARIABLE = YES;
				IPHONEOS_DEPLOYMENT_TARGET = 15.2;
				MTL_ENABLE_DEBUG_INFO = INCLUDE_SOURCE;
				MTL_FAST_MATH = YES;
				ONLY_ACTIVE_ARCH = YES;
				SDKROOT = iphoneos;
			};
			name = Debug;
		};
		DCF2D8F727FE6781001104C9 /* Release */ = {
			isa = XCBuildConfiguration;
			buildSettings = {
				ALWAYS_SEARCH_USER_PATHS = NO;
				CLANG_ANALYZER_NONNULL = YES;
				CLANG_ANALYZER_NUMBER_OBJECT_CONVERSION = YES_AGGRESSIVE;
				CLANG_CXX_LANGUAGE_STANDARD = "gnu++17";
				CLANG_CXX_LIBRARY = "libc++";
				CLANG_ENABLE_MODULES = YES;
				CLANG_ENABLE_OBJC_ARC = YES;
				CLANG_ENABLE_OBJC_WEAK = YES;
				CLANG_WARN_BLOCK_CAPTURE_AUTORELEASING = YES;
				CLANG_WARN_BOOL_CONVERSION = YES;
				CLANG_WARN_COMMA = YES;
				CLANG_WARN_CONSTANT_CONVERSION = YES;
				CLANG_WARN_DEPRECATED_OBJC_IMPLEMENTATIONS = YES;
				CLANG_WARN_DIRECT_OBJC_ISA_USAGE = YES_ERROR;
				CLANG_WARN_DOCUMENTATION_COMMENTS = YES;
				CLANG_WARN_EMPTY_BODY = YES;
				CLANG_WARN_ENUM_CONVERSION = YES;
				CLANG_WARN_INFINITE_RECURSION = YES;
				CLANG_WARN_INT_CONVERSION = YES;
				CLANG_WARN_NON_LITERAL_NULL_CONVERSION = YES;
				CLANG_WARN_OBJC_IMPLICIT_RETAIN_SELF = YES;
				CLANG_WARN_OBJC_LITERAL_CONVERSION = YES;
				CLANG_WARN_OBJC_ROOT_CLASS = YES_ERROR;
				CLANG_WARN_QUOTED_INCLUDE_IN_FRAMEWORK_HEADER = YES;
				CLANG_WARN_RANGE_LOOP_ANALYSIS = YES;
				CLANG_WARN_STRICT_PROTOTYPES = YES;
				CLANG_WARN_SUSPICIOUS_MOVE = YES;
				CLANG_WARN_UNGUARDED_AVAILABILITY = YES_AGGRESSIVE;
				CLANG_WARN_UNREACHABLE_CODE = YES;
				CLANG_WARN__DUPLICATE_METHOD_MATCH = YES;
				COPY_PHASE_STRIP = NO;
				DEBUG_INFORMATION_FORMAT = "dwarf-with-dsym";
				ENABLE_NS_ASSERTIONS = NO;
				ENABLE_STRICT_OBJC_MSGSEND = YES;
				GCC_C_LANGUAGE_STANDARD = gnu11;
				GCC_NO_COMMON_BLOCKS = YES;
				GCC_WARN_64_TO_32_BIT_CONVERSION = YES;
				GCC_WARN_ABOUT_RETURN_TYPE = YES_ERROR;
				GCC_WARN_UNDECLARED_SELECTOR = YES;
				GCC_WARN_UNINITIALIZED_AUTOS = YES_AGGRESSIVE;
				GCC_WARN_UNUSED_FUNCTION = YES;
				GCC_WARN_UNUSED_VARIABLE = YES;
				IPHONEOS_DEPLOYMENT_TARGET = 15.2;
				MTL_ENABLE_DEBUG_INFO = NO;
				MTL_FAST_MATH = YES;
				SDKROOT = iphoneos;
				VALIDATE_PRODUCT = YES;
			};
			name = Release;
		};
		DCF2D8F927FE6781001104C9 /* Debug */ = {
			isa = XCBuildConfiguration;
			buildSettings = {
				ASSETCATALOG_COMPILER_APPICON_NAME = AppIcon;
				ASSETCATALOG_COMPILER_GLOBAL_ACCENT_COLOR_NAME = AccentColor;
				CODE_SIGN_STYLE = Automatic;
				CURRENT_PROJECT_VERSION = 1;
				GENERATE_INFOPLIST_FILE = YES;
				HEADER_SEARCH_PATHS = "\"$(SRCROOT)/cctest4/include\"";
				INFOPLIST_FILE = cctest4/Info.plist;
				INFOPLIST_KEY_UIApplicationSupportsIndirectInputEvents = YES;
				INFOPLIST_KEY_UILaunchStoryboardName = LaunchScreen;
				INFOPLIST_KEY_UIMainStoryboardFile = Main;
				INFOPLIST_KEY_UISupportedInterfaceOrientations_iPad = "UIInterfaceOrientationPortrait UIInterfaceOrientationPortraitUpsideDown UIInterfaceOrientationLandscapeLeft UIInterfaceOrientationLandscapeRight";
				INFOPLIST_KEY_UISupportedInterfaceOrientations_iPhone = "UIInterfaceOrientationPortrait UIInterfaceOrientationLandscapeLeft UIInterfaceOrientationLandscapeRight";
				LD_GENERATE_MAP_FILE = YES;
				LD_RUNPATH_SEARCH_PATHS = (
					"$(inherited)",
					"@executable_path/Frameworks",
				);
				LIBRARY_SEARCH_PATHS = (
					"$(inherited)",
					"$(PROJECT_DIR)/lib",
				);
				MARKETING_VERSION = 1.0;
				PRODUCT_BUNDLE_IDENTIFIER = com.rajohns.cctest4;
				PRODUCT_NAME = "$(TARGET_NAME)";
				SWIFT_EMIT_LOC_STRINGS = YES;
				TARGETED_DEVICE_FAMILY = "1,2";
			};
			name = Debug;
		};
		DCF2D8FA27FE6781001104C9 /* Release */ = {
			isa = XCBuildConfiguration;
			buildSettings = {
				ASSETCATALOG_COMPILER_APPICON_NAME = AppIcon;
				ASSETCATALOG_COMPILER_GLOBAL_ACCENT_COLOR_NAME = AccentColor;
				CODE_SIGN_STYLE = Automatic;
				CURRENT_PROJECT_VERSION = 1;
				GENERATE_INFOPLIST_FILE = YES;
				HEADER_SEARCH_PATHS = "\"$(SRCROOT)/cctest4/include\"";
				INFOPLIST_FILE = cctest4/Info.plist;
				INFOPLIST_KEY_UIApplicationSupportsIndirectInputEvents = YES;
				INFOPLIST_KEY_UILaunchStoryboardName = LaunchScreen;
				INFOPLIST_KEY_UIMainStoryboardFile = Main;
				INFOPLIST_KEY_UISupportedInterfaceOrientations_iPad = "UIInterfaceOrientationPortrait UIInterfaceOrientationPortraitUpsideDown UIInterfaceOrientationLandscapeLeft UIInterfaceOrientationLandscapeRight";
				INFOPLIST_KEY_UISupportedInterfaceOrientations_iPhone = "UIInterfaceOrientationPortrait UIInterfaceOrientationLandscapeLeft UIInterfaceOrientationLandscapeRight";
				LD_GENERATE_MAP_FILE = YES;
				LD_RUNPATH_SEARCH_PATHS = (
					"$(inherited)",
					"@executable_path/Frameworks",
				);
				LIBRARY_SEARCH_PATHS = (
					"$(inherited)",
					"$(PROJECT_DIR)/lib",
				);
				MARKETING_VERSION = 1.0;
				PRODUCT_BUNDLE_IDENTIFIER = com.rajohns.cctest4;
				PRODUCT_NAME = "$(TARGET_NAME)";
				SWIFT_EMIT_LOC_STRINGS = YES;
				TARGETED_DEVICE_FAMILY = "1,2";
			};
			name = Release;
		};
/* End XCBuildConfiguration section */

/* Begin XCConfigurationList section */
		DCF2D8DA27FE6780001104C9 /* Build configuration list for PBXProject "cctest4" */ = {
			isa = XCConfigurationList;
			buildConfigurations = (
				DCF2D8F627FE6781001104C9 /* Debug */,
				DCF2D8F727FE6781001104C9 /* Release */,
			);
			defaultConfigurationIsVisible = 0;
			defaultConfigurationName = Release;
		};
		DCF2D8F827FE6781001104C9 /* Build configuration list for PBXNativeTarget "cctest4" */ = {
			isa = XCConfigurationList;
			buildConfigurations = (
				DCF2D8F927FE6781001104C9 /* Debug */,
				DCF2D8FA27FE6781001104C9 /* Release */,
			);
			defaultConfigurationIsVisible = 0;
			defaultConfigurationName = Release;
		};
/* End XCConfigurationList section */
	};
	rootObject = DCF2D8D727FE6780001104C9 /* Project object */;
}
